
Microsoft Visual Studio Solution File, Format Version 12.00
# Visual Studio Version 17
VisualStudioVersion = 17.4.33213.308
MinimumVisualStudioVersion = 10.0.40219.1
Project("{2150E333-8FDC-42A3-9474-1A3956D46DE8}") = "Doc", "Doc", "{4E98A718-C336-41F0-B622-68E648A8FEF6}"
EndProject
Project("{2150E333-8FDC-42A3-9474-1A3956D46DE8}") = "Src", "Src", "{722DE168-4B13-435B-98C0-9E982F25DFBD}"
EndProject
Project("{2150E333-8FDC-42A3-9474-1A3956D46DE8}") = "Tests", "Tests", "{8B57733C-9F5E-4E4C-92A1-37EC5D984826}"
EndProject
Project("{2150E333-8FDC-42A3-9474-1A3956D46DE8}") = "Core", "Core", "{21C7CD1D-2E0A-4CD0-B0A3-DB71F8D16B41}"
EndProject
Project("{2150E333-8FDC-42A3-9474-1A3956D46DE8}") = "Infrastructures", "Infrastructures", "{613AAA76-53D9-4632-AED2-F305FCCEA85F}"
EndProject
Project("{2150E333-8FDC-42A3-9474-1A3956D46DE8}") = "Presentation", "Presentation", "{6D418E66-F628-4798-B168-0956F4815CED}"
EndProject
Project("{FAE04EC0-301F-11D3-BF4B-00C04F79EFBC}") = "Domain", "Domain\Domain.csproj", "{F0972599-D71F-4AF8-AD66-71B9AFBB2514}"
EndProject
Project("{FAE04EC0-301F-11D3-BF4B-00C04F79EFBC}") = "Application", "Application\Application.csproj", "{A4D0E8E7-0536-416A-928B-4661E93F751F}"
EndProject
Project("{FAE04EC0-301F-11D3-BF4B-00C04F79EFBC}") = "Infrastructure", "Infrastructure\Infrastructure.csproj", "{7C6B98FC-341B-49AA-866D-C00E45513984}"
EndProject
Project("{FAE04EC0-301F-11D3-BF4B-00C04F79EFBC}") = "Persistence", "Persistence\Persistence.csproj", "{035C0172-4932-49C6-9A99-D6C6CA159A07}"
EndProject
Project("{FAE04EC0-301F-11D3-BF4B-00C04F79EFBC}") = "WebApi", "WebApi\WebApi.csproj", "{1CCD8161-60C0-4DB1-AFE4-4C0AB025D610}"
EndProject
Global
	GlobalSection(SolutionConfigurationPlatforms) = preSolution
		Debug|Any CPU = Debug|Any CPU
		Release|Any CPU = Release|Any CPU
	EndGlobalSection
	GlobalSection(ProjectConfigurationPlatforms) = postSolution
		{F0972599-D71F-4AF8-AD66-71B9AFBB2514}.Debug|Any CPU.ActiveCfg = Debug|Any CPU
		{F0972599-D71F-4AF8-AD66-71B9AFBB2514}.Debug|Any CPU.Build.0 = Debug|Any CPU
		{F0972599-D71F-4AF8-AD66-71B9AFBB2514}.Release|Any CPU.ActiveCfg = Release|Any CPU
		{F0972599-D71F-4AF8-AD66-71B9AFBB2514}.Release|Any CPU.Build.0 = Release|Any CPU
		{A4D0E8E7-0536-416A-928B-4661E93F751F}.Debug|Any CPU.ActiveCfg = Debug|Any CPU
		{A4D0E8E7-0536-416A-928B-4661E93F751F}.Debug|Any CPU.Build.0 = Debug|Any CPU
		{A4D0E8E7-0536-416A-928B-4661E93F751F}.Release|Any CPU.ActiveCfg = Release|Any CPU
		{A4D0E8E7-0536-416A-928B-4661E93F751F}.Release|Any CPU.Build.0 = Release|Any CPU
		{7C6B98FC-341B-49AA-866D-C00E45513984}.Debug|Any CPU.ActiveCfg = Debug|Any CPU
		{7C6B98FC-341B-49AA-866D-C00E45513984}.Debug|Any CPU.Build.0 = Debug|Any CPU
		{7C6B98FC-341B-49AA-866D-C00E45513984}.Release|Any CPU.ActiveCfg = Release|Any CPU
		{7C6B98FC-341B-49AA-866D-C00E45513984}.Release|Any CPU.Build.0 = Release|Any CPU
		{035C0172-4932-49C6-9A99-D6C6CA159A07}.Debug|Any CPU.ActiveCfg = Debug|Any CPU
		{035C0172-4932-49C6-9A99-D6C6CA159A07}.Debug|Any CPU.Build.0 = Debug|Any CPU
		{035C0172-4932-49C6-9A99-D6C6CA159A07}.Release|Any CPU.ActiveCfg = Release|Any CPU
		{035C0172-4932-49C6-9A99-D6C6CA159A07}.Release|Any CPU.Build.0 = Release|Any CPU
		{1CCD8161-60C0-4DB1-AFE4-4C0AB025D610}.Debug|Any CPU.ActiveCfg = Debug|Any CPU
		{1CCD8161-60C0-4DB1-AFE4-4C0AB025D610}.Debug|Any CPU.Build.0 = Debug|Any CPU
		{1CCD8161-60C0-4DB1-AFE4-4C0AB025D610}.Release|Any CPU.ActiveCfg = Release|Any CPU
		{1CCD8161-60C0-4DB1-AFE4-4C0AB025D610}.Release|Any CPU.Build.0 = Release|Any CPU
	EndGlobalSection
	GlobalSection(SolutionProperties) = preSolution
		HideSolutionNode = FALSE
	EndGlobalSection
	GlobalSection(NestedProjects) = preSolution
		{21C7CD1D-2E0A-4CD0-B0A3-DB71F8D16B41} = {722DE168-4B13-435B-98C0-9E982F25DFBD}
		{613AAA76-53D9-4632-AED2-F305FCCEA85F} = {722DE168-4B13-435B-98C0-9E982F25DFBD}
		{6D418E66-F628-4798-B168-0956F4815CED} = {722DE168-4B13-435B-98C0-9E982F25DFBD}
		{F0972599-D71F-4AF8-AD66-71B9AFBB2514} = {21C7CD1D-2E0A-4CD0-B0A3-DB71F8D16B41}
		{A4D0E8E7-0536-416A-928B-4661E93F751F} = {21C7CD1D-2E0A-4CD0-B0A3-DB71F8D16B41}
		{7C6B98FC-341B-49AA-866D-C00E45513984} = {613AAA76-53D9-4632-AED2-F305FCCEA85F}
		{035C0172-4932-49C6-9A99-D6C6CA159A07} = {613AAA76-53D9-4632-AED2-F305FCCEA85F}
		{1CCD8161-60C0-4DB1-AFE4-4C0AB025D610} = {6D418E66-F628-4798-B168-0956F4815CED}
	EndGlobalSection
	GlobalSection(ExtensibilityGlobals) = postSolution
		SolutionGuid = {6513A63D-F9DC-4E1C-AFAD-2DC6D8B39F4C}
	EndGlobalSection
EndGlobal
